
Microsoft Visual Studio Solution File, Format Version 12.00
# Visual Studio Version 17
VisualStudioVersion = 17.10.35013.160
MinimumVisualStudioVersion = 10.0.40219.1
Project("{2150E333-8FDC-42A3-9474-1A3956D46DE8}") = "Web", "Web", "{26C3F775-70E7-4FA6-B5B9-24C455A2A76C}"
EndProject
Project("{2150E333-8FDC-42A3-9474-1A3956D46DE8}") = "Cloud", "Cloud", "{76A32CAE-E468-43C9-9662-F0CD5A8830DC}"
EndProject
Project("{2150E333-8FDC-42A3-9474-1A3956D46DE8}") = "Console", "Console", "{0738AFCF-5110-4F23-A0FE-08107F21B31A}"
EndProject
Project("{2150E333-8FDC-42A3-9474-1A3956D46DE8}") = "API", "API", "{88E96C17-3A7E-4D84-B5EA-7930518776C4}"
EndProject
Project("{2150E333-8FDC-42A3-9474-1A3956D46DE8}") = "razor-pages-fundamentals", "razor-pages-fundamentals", "{4A931E73-967F-497D-9E20-83E6F860CE93}"
EndProject
Project("{9A19103F-16F7-4668-BE54-9A1E7A4F7556}") = "WiredBrainCoffeeAdmin", "Web\razor-pages-fundamentals\WiredBrainCoffeeAdmin.csproj", "{E6D98BC5-6154-4EBF-B059-4A7FE9AB49E9}"
EndProject
Project("{FAE04EC0-301F-11D3-BF4B-00C04F79EFBC}") = "Wav-Files", "Consoles\Wav-Files\Wav-Files.csproj", "{6ECDD92A-548F-4CC6-B0B9-2AA0AC6E2E4A}"
EndProject
Project("{FAE04EC0-301F-11D3-BF4B-00C04F79EFBC}") = "Events-Delegates-Action-Func", "Consoles\Events-Delegates-Action-Func\Events-Delegates-Action-Func.csproj", "{37D18112-1861-4121-BA53-D82D07B20AC0}"
EndProject
Project("{FAE04EC0-301F-11D3-BF4B-00C04F79EFBC}") = "ExpressionTrees", "Consoles\ExpressionTrees\ExpressionTrees.csproj", "{D07021A8-8C36-4156-930A-11904B58A0D8}"
EndProject
Project("{FAE04EC0-301F-11D3-BF4B-00C04F79EFBC}") = "TaskParallelLibrary", "Consoles\TaskParallelLibrary\TaskParallelLibrary.csproj", "{AAD4D679-B5D8-4860-98F9-C2B36BEE4EB2}"
EndProject
Project("{FAE04EC0-301F-11D3-BF4B-00C04F79EFBC}") = "AsyncProgramming", "Consoles\AsyncProgramming\AsyncProgramming.csproj", "{5EC307A8-AD2D-42C5-ADBD-73BCE822A319}"
EndProject
Project("{FAE04EC0-301F-11D3-BF4B-00C04F79EFBC}") = "ExpressionTrees.DynamicSearch.API", "API\ExpressionTrees.DynamicSearch.API\ExpressionTrees.DynamicSearch.API.csproj", "{2286FAE6-26B5-42E5-AC5F-531D3F8B89A2}"
EndProject
Project("{FAE04EC0-301F-11D3-BF4B-00C04F79EFBC}") = "DesignPatterns.Singleton", "Consoles\DesignPatterns.Singleton\DesignPatterns.Singleton.csproj", "{3EACE75E-19D9-4849-85DC-2D97B0C4BE7D}"
EndProject
Project("{FAE04EC0-301F-11D3-BF4B-00C04F79EFBC}") = "LazyClass", "Consoles\LazyClass\LazyClass.csproj", "{E3D17B32-0C95-4C93-A1B3-2638D622817D}"
EndProject
Project("{FAE04EC0-301F-11D3-BF4B-00C04F79EFBC}") = "CustomExceptions", "Consoles\CustomExceptions\CustomExceptions.csproj", "{4F1B0080-6F4A-42A2-B936-9A02C428EDA1}"
EndProject
Project("{FAE04EC0-301F-11D3-BF4B-00C04F79EFBC}") = "AdvancedConcepts", "Consoles\AdvancedConcepts\AdvancedConcepts.csproj", "{6D3912D8-4A4C-4BB7-979C-7DA8F6FB09AE}"
EndProject
Project("{FAE04EC0-301F-11D3-BF4B-00C04F79EFBC}") = "FilesAndStreams", "Consoles\FilesAndStreams\FilesAndStreams.csproj", "{5073C625-3EC7-4CFF-A604-87745ABB294A}"
EndProject
Project("{FAE04EC0-301F-11D3-BF4B-00C04F79EFBC}") = "Generics", "Consoles\Generics\Generics.csproj", "{BF8ABFC0-CE8F-46F8-B75C-1E930D268EFB}"
EndProject
Project("{FAE04EC0-301F-11D3-BF4B-00C04F79EFBC}") = "ReflectionDeepDive", "Consoles\ReflectionDeepDive\ReflectionDeepDive.csproj", "{BFEECC35-3C90-4118-8748-293458F3DC48}"
EndProject
Project("{2150E333-8FDC-42A3-9474-1A3956D46DE8}") = "Solution Items", "Solution Items", "{EDA1ABD1-B833-4430-9CC4-BEFBCADD7CBD}"
	ProjectSection(SolutionItems) = preProject
		compose.yaml = compose.yaml
	EndProjectSection
EndProject
Project("{2150E333-8FDC-42A3-9474-1A3956D46DE8}") = "CQRS", "CQRS", "{F991D01B-FCC6-4A4B-A0D7-13C1BCF500AC}"
EndProject
Project("{FAE04EC0-301F-11D3-BF4B-00C04F79EFBC}") = "CQRS.ConsoleApp", "API\CQRS\CQRS.ConsoleApp\CQRS.ConsoleApp.csproj", "{64FF6F0B-01A5-482E-BC7D-B72A8AFB84B5}"
EndProject
Project("{FAE04EC0-301F-11D3-BF4B-00C04F79EFBC}") = "CQRS.Kafka.API", "API\CQRS\CQRS.Kafka.API\CQRS.Kafka.API.csproj", "{CD419492-F280-480A-9142-9C651B6F364F}"
EndProject
Project("{FAE04EC0-301F-11D3-BF4B-00C04F79EFBC}") = "CQRS.Kafka.API.Consumer", "API\CQRS\CQRS.Kafka.API.Consumer\CQRS.Kafka.API.Consumer.csproj", "{E7B278E2-2EAB-4696-A81C-FEF40B38A433}"
EndProject
Project("{FAE04EC0-301F-11D3-BF4B-00C04F79EFBC}") = "CQRS.Saga", "API\CQRS\CQRS.Saga\CQRS.Saga.csproj", "{D585CCEB-EDF9-4A88-90B2-C67C69B0D177}"
EndProject
Project("{2150E333-8FDC-42A3-9474-1A3956D46DE8}") = "AdvancedKafka", "AdvancedKafka", "{417A94C9-56EC-47F8-92E8-4FA3527F3D75}"
	ProjectSection(SolutionItems) = preProject
		API\AdvancedKafka\Test.http = API\AdvancedKafka\Test.http
	EndProjectSection
EndProject
Project("{FAE04EC0-301F-11D3-BF4B-00C04F79EFBC}") = "AdvancedKafka.Shared.Config", "API\AdvancedKafka\AdvancedKafka.Shared.Config\AdvancedKafka.Shared.Config.csproj", "{70A98EB1-A263-4C69-A827-835FD0253FD4}"
EndProject
Project("{FAE04EC0-301F-11D3-BF4B-00C04F79EFBC}") = "AdvancedKafka.Entities", "API\AdvancedKafka\AdvancedKafka.Entities\AdvancedKafka.Entities.csproj", "{7E23DE59-826E-4A87-9709-E5EFD22F1403}"
EndProject
Project("{FAE04EC0-301F-11D3-BF4B-00C04F79EFBC}") = "AdvancedKafka.SharedKernel", "API\AdvancedKafka\AdvancedKafka.SharedKernel\AdvancedKafka.SharedKernel.csproj", "{2C0EA030-ACCB-46AD-8142-0E8118CDAEA6}"
EndProject
Project("{FAE04EC0-301F-11D3-BF4B-00C04F79EFBC}") = "AdvancedKafka.Commands", "API\AdvancedKafka\AdvancedKafka.Commands\AdvancedKafka.Commands.csproj", "{D8AAD8FD-FEE3-4798-95B1-E52F0ADDE7F8}"
EndProject
Project("{FAE04EC0-301F-11D3-BF4B-00C04F79EFBC}") = "AdvancedKafka.Queries", "API\AdvancedKafka\AdvancedKafka.Queries\AdvancedKafka.Queries.csproj", "{52893252-EAC7-448B-9BBD-CB5BA8F7B73D}"
EndProject
Project("{FAE04EC0-301F-11D3-BF4B-00C04F79EFBC}") = "ProtobuffMessages", "ProtobuffMessages\ProtobuffMessages.csproj", "{F6917B85-CC59-43C4-BA98-012C5F3F45CA}"
EndProject
Global
	GlobalSection(SolutionConfigurationPlatforms) = preSolution
		Debug|Any CPU = Debug|Any CPU
		Release|Any CPU = Release|Any CPU
	EndGlobalSection
	GlobalSection(ProjectConfigurationPlatforms) = postSolution
		{E6D98BC5-6154-4EBF-B059-4A7FE9AB49E9}.Debug|Any CPU.ActiveCfg = Debug|Any CPU
		{E6D98BC5-6154-4EBF-B059-4A7FE9AB49E9}.Debug|Any CPU.Build.0 = Debug|Any CPU
		{E6D98BC5-6154-4EBF-B059-4A7FE9AB49E9}.Release|Any CPU.ActiveCfg = Release|Any CPU
		{E6D98BC5-6154-4EBF-B059-4A7FE9AB49E9}.Release|Any CPU.Build.0 = Release|Any CPU
		{6ECDD92A-548F-4CC6-B0B9-2AA0AC6E2E4A}.Debug|Any CPU.ActiveCfg = Debug|Any CPU
		{6ECDD92A-548F-4CC6-B0B9-2AA0AC6E2E4A}.Debug|Any CPU.Build.0 = Debug|Any CPU
		{6ECDD92A-548F-4CC6-B0B9-2AA0AC6E2E4A}.Release|Any CPU.ActiveCfg = Release|Any CPU
		{6ECDD92A-548F-4CC6-B0B9-2AA0AC6E2E4A}.Release|Any CPU.Build.0 = Release|Any CPU
		{37D18112-1861-4121-BA53-D82D07B20AC0}.Debug|Any CPU.ActiveCfg = Debug|Any CPU
		{37D18112-1861-4121-BA53-D82D07B20AC0}.Debug|Any CPU.Build.0 = Debug|Any CPU
		{37D18112-1861-4121-BA53-D82D07B20AC0}.Release|Any CPU.ActiveCfg = Release|Any CPU
		{37D18112-1861-4121-BA53-D82D07B20AC0}.Release|Any CPU.Build.0 = Release|Any CPU
		{D07021A8-8C36-4156-930A-11904B58A0D8}.Debug|Any CPU.ActiveCfg = Debug|Any CPU
		{D07021A8-8C36-4156-930A-11904B58A0D8}.Debug|Any CPU.Build.0 = Debug|Any CPU
		{D07021A8-8C36-4156-930A-11904B58A0D8}.Release|Any CPU.ActiveCfg = Release|Any CPU
		{D07021A8-8C36-4156-930A-11904B58A0D8}.Release|Any CPU.Build.0 = Release|Any CPU
		{2286FAE6-26B5-42E5-AC5F-531D3F8B89A2}.Debug|Any CPU.ActiveCfg = Debug|Any CPU
		{2286FAE6-26B5-42E5-AC5F-531D3F8B89A2}.Debug|Any CPU.Build.0 = Debug|Any CPU
		{2286FAE6-26B5-42E5-AC5F-531D3F8B89A2}.Release|Any CPU.ActiveCfg = Release|Any CPU
		{2286FAE6-26B5-42E5-AC5F-531D3F8B89A2}.Release|Any CPU.Build.0 = Release|Any CPU
		{3EACE75E-19D9-4849-85DC-2D97B0C4BE7D}.Debug|Any CPU.ActiveCfg = Debug|Any CPU
		{3EACE75E-19D9-4849-85DC-2D97B0C4BE7D}.Debug|Any CPU.Build.0 = Debug|Any CPU
		{3EACE75E-19D9-4849-85DC-2D97B0C4BE7D}.Release|Any CPU.ActiveCfg = Release|Any CPU
		{3EACE75E-19D9-4849-85DC-2D97B0C4BE7D}.Release|Any CPU.Build.0 = Release|Any CPU
		{5EC307A8-AD2D-42C5-ADBD-73BCE822A319}.Debug|Any CPU.ActiveCfg = Debug|Any CPU
		{5EC307A8-AD2D-42C5-ADBD-73BCE822A319}.Debug|Any CPU.Build.0 = Debug|Any CPU
		{AAD4D679-B5D8-4860-98F9-C2B36BEE4EB2}.Debug|Any CPU.ActiveCfg = Debug|Any CPU
		{AAD4D679-B5D8-4860-98F9-C2B36BEE4EB2}.Debug|Any CPU.Build.0 = Debug|Any CPU
		{E3D17B32-0C95-4C93-A1B3-2638D622817D}.Debug|Any CPU.ActiveCfg = Debug|Any CPU
		{E3D17B32-0C95-4C93-A1B3-2638D622817D}.Debug|Any CPU.Build.0 = Debug|Any CPU
		{E3D17B32-0C95-4C93-A1B3-2638D622817D}.Release|Any CPU.ActiveCfg = Release|Any CPU
		{E3D17B32-0C95-4C93-A1B3-2638D622817D}.Release|Any CPU.Build.0 = Release|Any CPU
		{4F1B0080-6F4A-42A2-B936-9A02C428EDA1}.Debug|Any CPU.ActiveCfg = Debug|Any CPU
		{4F1B0080-6F4A-42A2-B936-9A02C428EDA1}.Debug|Any CPU.Build.0 = Debug|Any CPU
		{4F1B0080-6F4A-42A2-B936-9A02C428EDA1}.Release|Any CPU.ActiveCfg = Release|Any CPU
		{4F1B0080-6F4A-42A2-B936-9A02C428EDA1}.Release|Any CPU.Build.0 = Release|Any CPU
		{6D3912D8-4A4C-4BB7-979C-7DA8F6FB09AE}.Debug|Any CPU.ActiveCfg = Debug|Any CPU
		{6D3912D8-4A4C-4BB7-979C-7DA8F6FB09AE}.Debug|Any CPU.Build.0 = Debug|Any CPU
		{6D3912D8-4A4C-4BB7-979C-7DA8F6FB09AE}.Release|Any CPU.ActiveCfg = Release|Any CPU
		{6D3912D8-4A4C-4BB7-979C-7DA8F6FB09AE}.Release|Any CPU.Build.0 = Release|Any CPU
		{5073C625-3EC7-4CFF-A604-87745ABB294A}.Debug|Any CPU.ActiveCfg = Debug|Any CPU
		{5073C625-3EC7-4CFF-A604-87745ABB294A}.Debug|Any CPU.Build.0 = Debug|Any CPU
		{5073C625-3EC7-4CFF-A604-87745ABB294A}.Release|Any CPU.ActiveCfg = Release|Any CPU
		{5073C625-3EC7-4CFF-A604-87745ABB294A}.Release|Any CPU.Build.0 = Release|Any CPU
		{BF8ABFC0-CE8F-46F8-B75C-1E930D268EFB}.Debug|Any CPU.ActiveCfg = Debug|Any CPU
		{BF8ABFC0-CE8F-46F8-B75C-1E930D268EFB}.Debug|Any CPU.Build.0 = Debug|Any CPU
		{BF8ABFC0-CE8F-46F8-B75C-1E930D268EFB}.Release|Any CPU.ActiveCfg = Release|Any CPU
		{BF8ABFC0-CE8F-46F8-B75C-1E930D268EFB}.Release|Any CPU.Build.0 = Release|Any CPU
		{BFEECC35-3C90-4118-8748-293458F3DC48}.Debug|Any CPU.ActiveCfg = Debug|Any CPU
		{BFEECC35-3C90-4118-8748-293458F3DC48}.Debug|Any CPU.Build.0 = Debug|Any CPU
		{BFEECC35-3C90-4118-8748-293458F3DC48}.Release|Any CPU.ActiveCfg = Release|Any CPU
		{BFEECC35-3C90-4118-8748-293458F3DC48}.Release|Any CPU.Build.0 = Release|Any CPU
		{64FF6F0B-01A5-482E-BC7D-B72A8AFB84B5}.Debug|Any CPU.ActiveCfg = Debug|Any CPU
		{64FF6F0B-01A5-482E-BC7D-B72A8AFB84B5}.Debug|Any CPU.Build.0 = Debug|Any CPU
		{64FF6F0B-01A5-482E-BC7D-B72A8AFB84B5}.Release|Any CPU.ActiveCfg = Release|Any CPU
		{64FF6F0B-01A5-482E-BC7D-B72A8AFB84B5}.Release|Any CPU.Build.0 = Release|Any CPU
		{CD419492-F280-480A-9142-9C651B6F364F}.Debug|Any CPU.ActiveCfg = Debug|Any CPU
		{CD419492-F280-480A-9142-9C651B6F364F}.Debug|Any CPU.Build.0 = Debug|Any CPU
		{CD419492-F280-480A-9142-9C651B6F364F}.Release|Any CPU.ActiveCfg = Release|Any CPU
		{CD419492-F280-480A-9142-9C651B6F364F}.Release|Any CPU.Build.0 = Release|Any CPU
		{E7B278E2-2EAB-4696-A81C-FEF40B38A433}.Debug|Any CPU.ActiveCfg = Debug|Any CPU
		{E7B278E2-2EAB-4696-A81C-FEF40B38A433}.Debug|Any CPU.Build.0 = Debug|Any CPU
		{E7B278E2-2EAB-4696-A81C-FEF40B38A433}.Release|Any CPU.ActiveCfg = Release|Any CPU
		{E7B278E2-2EAB-4696-A81C-FEF40B38A433}.Release|Any CPU.Build.0 = Release|Any CPU
		{D585CCEB-EDF9-4A88-90B2-C67C69B0D177}.Debug|Any CPU.ActiveCfg = Debug|Any CPU
		{D585CCEB-EDF9-4A88-90B2-C67C69B0D177}.Debug|Any CPU.Build.0 = Debug|Any CPU
		{D585CCEB-EDF9-4A88-90B2-C67C69B0D177}.Release|Any CPU.ActiveCfg = Release|Any CPU
		{D585CCEB-EDF9-4A88-90B2-C67C69B0D177}.Release|Any CPU.Build.0 = Release|Any CPU
		{70A98EB1-A263-4C69-A827-835FD0253FD4}.Debug|Any CPU.ActiveCfg = Debug|Any CPU
		{70A98EB1-A263-4C69-A827-835FD0253FD4}.Debug|Any CPU.Build.0 = Debug|Any CPU
		{70A98EB1-A263-4C69-A827-835FD0253FD4}.Release|Any CPU.ActiveCfg = Release|Any CPU
		{70A98EB1-A263-4C69-A827-835FD0253FD4}.Release|Any CPU.Build.0 = Release|Any CPU
		{7E23DE59-826E-4A87-9709-E5EFD22F1403}.Debug|Any CPU.ActiveCfg = Debug|Any CPU
		{7E23DE59-826E-4A87-9709-E5EFD22F1403}.Debug|Any CPU.Build.0 = Debug|Any CPU
		{7E23DE59-826E-4A87-9709-E5EFD22F1403}.Release|Any CPU.ActiveCfg = Release|Any CPU
		{7E23DE59-826E-4A87-9709-E5EFD22F1403}.Release|Any CPU.Build.0 = Release|Any CPU
		{2C0EA030-ACCB-46AD-8142-0E8118CDAEA6}.Debug|Any CPU.ActiveCfg = Debug|Any CPU
		{2C0EA030-ACCB-46AD-8142-0E8118CDAEA6}.Debug|Any CPU.Build.0 = Debug|Any CPU
		{2C0EA030-ACCB-46AD-8142-0E8118CDAEA6}.Release|Any CPU.ActiveCfg = Release|Any CPU
		{2C0EA030-ACCB-46AD-8142-0E8118CDAEA6}.Release|Any CPU.Build.0 = Release|Any CPU
		{D8AAD8FD-FEE3-4798-95B1-E52F0ADDE7F8}.Debug|Any CPU.ActiveCfg = Debug|Any CPU
		{D8AAD8FD-FEE3-4798-95B1-E52F0ADDE7F8}.Debug|Any CPU.Build.0 = Debug|Any CPU
		{D8AAD8FD-FEE3-4798-95B1-E52F0ADDE7F8}.Release|Any CPU.ActiveCfg = Release|Any CPU
		{D8AAD8FD-FEE3-4798-95B1-E52F0ADDE7F8}.Release|Any CPU.Build.0 = Release|Any CPU
		{52893252-EAC7-448B-9BBD-CB5BA8F7B73D}.Debug|Any CPU.ActiveCfg = Debug|Any CPU
		{52893252-EAC7-448B-9BBD-CB5BA8F7B73D}.Debug|Any CPU.Build.0 = Debug|Any CPU
		{52893252-EAC7-448B-9BBD-CB5BA8F7B73D}.Release|Any CPU.ActiveCfg = Release|Any CPU
		{52893252-EAC7-448B-9BBD-CB5BA8F7B73D}.Release|Any CPU.Build.0 = Release|Any CPU
		{F6917B85-CC59-43C4-BA98-012C5F3F45CA}.Debug|Any CPU.ActiveCfg = Debug|Any CPU
		{F6917B85-CC59-43C4-BA98-012C5F3F45CA}.Debug|Any CPU.Build.0 = Debug|Any CPU
		{F6917B85-CC59-43C4-BA98-012C5F3F45CA}.Release|Any CPU.ActiveCfg = Release|Any CPU
		{F6917B85-CC59-43C4-BA98-012C5F3F45CA}.Release|Any CPU.Build.0 = Release|Any CPU
	EndGlobalSection
	GlobalSection(SolutionProperties) = preSolution
		HideSolutionNode = FALSE
	EndGlobalSection
	GlobalSection(NestedProjects) = preSolution
		{4A931E73-967F-497D-9E20-83E6F860CE93} = {26C3F775-70E7-4FA6-B5B9-24C455A2A76C}
		{E6D98BC5-6154-4EBF-B059-4A7FE9AB49E9} = {4A931E73-967F-497D-9E20-83E6F860CE93}
		{6ECDD92A-548F-4CC6-B0B9-2AA0AC6E2E4A} = {0738AFCF-5110-4F23-A0FE-08107F21B31A}
		{37D18112-1861-4121-BA53-D82D07B20AC0} = {0738AFCF-5110-4F23-A0FE-08107F21B31A}
		{D07021A8-8C36-4156-930A-11904B58A0D8} = {0738AFCF-5110-4F23-A0FE-08107F21B31A}
		{5EC307A8-AD2D-42C5-ADBD-73BCE822A319} = {0738AFCF-5110-4F23-A0FE-08107F21B31A}
		{AAD4D679-B5D8-4860-98F9-C2B36BEE4EB2} = {0738AFCF-5110-4F23-A0FE-08107F21B31A}
		{2286FAE6-26B5-42E5-AC5F-531D3F8B89A2} = {88E96C17-3A7E-4D84-B5EA-7930518776C4}
		{3EACE75E-19D9-4849-85DC-2D97B0C4BE7D} = {0738AFCF-5110-4F23-A0FE-08107F21B31A}
		{E3D17B32-0C95-4C93-A1B3-2638D622817D} = {0738AFCF-5110-4F23-A0FE-08107F21B31A}
		{4F1B0080-6F4A-42A2-B936-9A02C428EDA1} = {0738AFCF-5110-4F23-A0FE-08107F21B31A}
		{6D3912D8-4A4C-4BB7-979C-7DA8F6FB09AE} = {0738AFCF-5110-4F23-A0FE-08107F21B31A}
		{5073C625-3EC7-4CFF-A604-87745ABB294A} = {0738AFCF-5110-4F23-A0FE-08107F21B31A}
		{BF8ABFC0-CE8F-46F8-B75C-1E930D268EFB} = {0738AFCF-5110-4F23-A0FE-08107F21B31A}
		{BFEECC35-3C90-4118-8748-293458F3DC48} = {0738AFCF-5110-4F23-A0FE-08107F21B31A}
		{F991D01B-FCC6-4A4B-A0D7-13C1BCF500AC} = {88E96C17-3A7E-4D84-B5EA-7930518776C4}
		{64FF6F0B-01A5-482E-BC7D-B72A8AFB84B5} = {F991D01B-FCC6-4A4B-A0D7-13C1BCF500AC}
		{CD419492-F280-480A-9142-9C651B6F364F} = {F991D01B-FCC6-4A4B-A0D7-13C1BCF500AC}
		{E7B278E2-2EAB-4696-A81C-FEF40B38A433} = {F991D01B-FCC6-4A4B-A0D7-13C1BCF500AC}
		{D585CCEB-EDF9-4A88-90B2-C67C69B0D177} = {F991D01B-FCC6-4A4B-A0D7-13C1BCF500AC}
		{417A94C9-56EC-47F8-92E8-4FA3527F3D75} = {88E96C17-3A7E-4D84-B5EA-7930518776C4}
		{70A98EB1-A263-4C69-A827-835FD0253FD4} = {417A94C9-56EC-47F8-92E8-4FA3527F3D75}
		{7E23DE59-826E-4A87-9709-E5EFD22F1403} = {417A94C9-56EC-47F8-92E8-4FA3527F3D75}
		{2C0EA030-ACCB-46AD-8142-0E8118CDAEA6} = {417A94C9-56EC-47F8-92E8-4FA3527F3D75}
		{D8AAD8FD-FEE3-4798-95B1-E52F0ADDE7F8} = {417A94C9-56EC-47F8-92E8-4FA3527F3D75}
		{52893252-EAC7-448B-9BBD-CB5BA8F7B73D} = {417A94C9-56EC-47F8-92E8-4FA3527F3D75}
		{F6917B85-CC59-43C4-BA98-012C5F3F45CA} = {88E96C17-3A7E-4D84-B5EA-7930518776C4}
	EndGlobalSection
	GlobalSection(ExtensibilityGlobals) = postSolution
		SolutionGuid = {43A4F7D7-897A-45D5-97FB-3DFD14611CDE}
	EndGlobalSection
EndGlobal
