
Microsoft Visual Studio Solution File, Format Version 12.00
# Visual Studio Version 17
VisualStudioVersion = 17.9.34728.123
MinimumVisualStudioVersion = 10.0.40219.1
Project("{9A19103F-16F7-4668-BE54-9A1E7A4F7556}") = "WiredBrainCoffeeAdmin", "WiredBrainCoffeeAdmin\WiredBrainCoffeeAdmin.csproj", "{9D380ECA-B245-4CAF-8B5D-52E78722B0DE}"
EndProject
Global
	GlobalSection(SolutionConfigurationPlatforms) = preSolution
		Debug|Any CPU = Debug|Any CPU
		Release|Any CPU = Release|Any CPU
	EndGlobalSection
	GlobalSection(ProjectConfigurationPlatforms) = postSolution
		{9D380ECA-B245-4CAF-8B5D-52E78722B0DE}.Debug|Any CPU.ActiveCfg = Debug|Any CPU
		{9D380ECA-B245-4CAF-8B5D-52E78722B0DE}.Debug|Any CPU.Build.0 = Debug|Any CPU
		{9D380ECA-B245-4CAF-8B5D-52E78722B0DE}.Release|Any CPU.ActiveCfg = Release|Any CPU
		{9D380ECA-B245-4CAF-8B5D-52E78722B0DE}.Release|Any CPU.Build.0 = Release|Any CPU
	EndGlobalSection
	GlobalSection(SolutionProperties) = preSolution
		HideSolutionNode = FALSE
	EndGlobalSection
	GlobalSection(ExtensibilityGlobals) = postSolution
		SolutionGuid = {43A4F7D7-897A-45D5-97FB-3DFD14611CDE}
	EndGlobalSection
EndGlobal
