
Microsoft Visual Studio Solution File, Format Version 12.00
# Visual Studio Version 17
VisualStudioVersion = 17.10.35013.160
MinimumVisualStudioVersion = 10.0.40219.1
Project("{2150E333-8FDC-42A3-9474-1A3956D46DE8}") = "Web", "Web", "{26C3F775-70E7-4FA6-B5B9-24C455A2A76C}"
EndProject
Project("{2150E333-8FDC-42A3-9474-1A3956D46DE8}") = "Cloud", "Cloud", "{76A32CAE-E468-43C9-9662-F0CD5A8830DC}"
EndProject
Project("{2150E333-8FDC-42A3-9474-1A3956D46DE8}") = "Console", "Console", "{0738AFCF-5110-4F23-A0FE-08107F21B31A}"
EndProject
Project("{2150E333-8FDC-42A3-9474-1A3956D46DE8}") = "API", "API", "{88E96C17-3A7E-4D84-B5EA-7930518776C4}"
EndProject
Project("{2150E333-8FDC-42A3-9474-1A3956D46DE8}") = "razor-pages-fundamentals", "razor-pages-fundamentals", "{4A931E73-967F-497D-9E20-83E6F860CE93}"
EndProject
Project("{9A19103F-16F7-4668-BE54-9A1E7A4F7556}") = "WiredBrainCoffeeAdmin", "Web\razor-pages-fundamentals\WiredBrainCoffeeAdmin.csproj", "{E6D98BC5-6154-4EBF-B059-4A7FE9AB49E9}"
EndProject
Project("{FAE04EC0-301F-11D3-BF4B-00C04F79EFBC}") = "Wav-Files", "Consoles\Wav-Files\Wav-Files.csproj", "{6ECDD92A-548F-4CC6-B0B9-2AA0AC6E2E4A}"
EndProject
Project("{FAE04EC0-301F-11D3-BF4B-00C04F79EFBC}") = "AsyncProgramming", "AsyncProgramming\AsyncProgramming.csproj", "{8C7577E8-E45F-4A3D-B974-A6127FD18FF9}"
EndProject
Global
	GlobalSection(SolutionConfigurationPlatforms) = preSolution
		Debug|Any CPU = Debug|Any CPU
		Release|Any CPU = Release|Any CPU
	EndGlobalSection
	GlobalSection(ProjectConfigurationPlatforms) = postSolution
		{E6D98BC5-6154-4EBF-B059-4A7FE9AB49E9}.Debug|Any CPU.ActiveCfg = Debug|Any CPU
		{E6D98BC5-6154-4EBF-B059-4A7FE9AB49E9}.Debug|Any CPU.Build.0 = Debug|Any CPU
		{E6D98BC5-6154-4EBF-B059-4A7FE9AB49E9}.Release|Any CPU.ActiveCfg = Release|Any CPU
		{E6D98BC5-6154-4EBF-B059-4A7FE9AB49E9}.Release|Any CPU.Build.0 = Release|Any CPU
		{6ECDD92A-548F-4CC6-B0B9-2AA0AC6E2E4A}.Debug|Any CPU.ActiveCfg = Debug|Any CPU
		{6ECDD92A-548F-4CC6-B0B9-2AA0AC6E2E4A}.Debug|Any CPU.Build.0 = Debug|Any CPU
		{6ECDD92A-548F-4CC6-B0B9-2AA0AC6E2E4A}.Release|Any CPU.ActiveCfg = Release|Any CPU
		{6ECDD92A-548F-4CC6-B0B9-2AA0AC6E2E4A}.Release|Any CPU.Build.0 = Release|Any CPU
		{8C7577E8-E45F-4A3D-B974-A6127FD18FF9}.Debug|Any CPU.ActiveCfg = Debug|Any CPU
		{8C7577E8-E45F-4A3D-B974-A6127FD18FF9}.Debug|Any CPU.Build.0 = Debug|Any CPU
		{8C7577E8-E45F-4A3D-B974-A6127FD18FF9}.Release|Any CPU.ActiveCfg = Release|Any CPU
		{8C7577E8-E45F-4A3D-B974-A6127FD18FF9}.Release|Any CPU.Build.0 = Release|Any CPU
	EndGlobalSection
	GlobalSection(SolutionProperties) = preSolution
		HideSolutionNode = FALSE
	EndGlobalSection
	GlobalSection(NestedProjects) = preSolution
		{4A931E73-967F-497D-9E20-83E6F860CE93} = {26C3F775-70E7-4FA6-B5B9-24C455A2A76C}
		{E6D98BC5-6154-4EBF-B059-4A7FE9AB49E9} = {4A931E73-967F-497D-9E20-83E6F860CE93}
		{6ECDD92A-548F-4CC6-B0B9-2AA0AC6E2E4A} = {0738AFCF-5110-4F23-A0FE-08107F21B31A}
		{8C7577E8-E45F-4A3D-B974-A6127FD18FF9} = {0738AFCF-5110-4F23-A0FE-08107F21B31A}
	EndGlobalSection
	GlobalSection(ExtensibilityGlobals) = postSolution
		SolutionGuid = {43A4F7D7-897A-45D5-97FB-3DFD14611CDE}
	EndGlobalSection
EndGlobal
